
Microsoft Visual Studio Solution File, Format Version 12.00
# Visual Studio Version 16
VisualStudioVersion = 16.0.29025.244
MinimumVisualStudioVersion = 10.0.40219.1
Project("{8BC9CEB8-8B4A-11D0-8D11-00A0C91BC942}") = "Task1", "MainProject\MainProject.vcxproj", "{E91F5B60-1C90-4913-B293-A9161BF0DBAA}"
EndProject
Project("{2150E333-8FDC-42A3-9474-1A3956D46DE8}") = "Homeworks", "Homeworks", "{7E41F911-4421-4821-BE7E-950CED4B2096}"
EndProject
Project("{2150E333-8FDC-42A3-9474-1A3956D46DE8}") = "HomeworkTo1702", "HomeworkTo1702", "{05BC1B07-4967-45BD-98C0-9C2ABD7F7175}"
EndProject
Project("{8BC9CEB8-8B4A-11D0-8D11-00A0C91BC942}") = "Task2", "Task2\Task2.vcxproj", "{F553A166-B9FC-4DC0-936E-605F3EDC6AA4}"
EndProject
Project("{2150E333-8FDC-42A3-9474-1A3956D46DE8}") = "Month02", "Month02", "{B0500F06-FD10-4DBB-8383-73E67362EC2A}"
EndProject
Project("{8BC9CEB8-8B4A-11D0-8D11-00A0C91BC942}") = "Task3", "Task3\Task3.vcxproj", "{B28B61E8-B26A-42AD-BA9B-D79A45161621}"
EndProject
Project("{8BC9CEB8-8B4A-11D0-8D11-00A0C91BC942}") = "Task4", "Task4\Task4.vcxproj", "{445C98F3-C70F-4BE2-8A2C-71A35BAE96DF}"
EndProject
Global
	GlobalSection(SolutionConfigurationPlatforms) = preSolution
		Debug|x64 = Debug|x64
		Debug|x86 = Debug|x86
		Release|x64 = Release|x64
		Release|x86 = Release|x86
	EndGlobalSection
	GlobalSection(ProjectConfigurationPlatforms) = postSolution
		{E91F5B60-1C90-4913-B293-A9161BF0DBAA}.Debug|x64.ActiveCfg = Debug|x64
		{E91F5B60-1C90-4913-B293-A9161BF0DBAA}.Debug|x64.Build.0 = Debug|x64
		{E91F5B60-1C90-4913-B293-A9161BF0DBAA}.Debug|x86.ActiveCfg = Debug|Win32
		{E91F5B60-1C90-4913-B293-A9161BF0DBAA}.Debug|x86.Build.0 = Debug|Win32
		{E91F5B60-1C90-4913-B293-A9161BF0DBAA}.Release|x64.ActiveCfg = Release|x64
		{E91F5B60-1C90-4913-B293-A9161BF0DBAA}.Release|x64.Build.0 = Release|x64
		{E91F5B60-1C90-4913-B293-A9161BF0DBAA}.Release|x86.ActiveCfg = Release|Win32
		{E91F5B60-1C90-4913-B293-A9161BF0DBAA}.Release|x86.Build.0 = Release|Win32
		{F553A166-B9FC-4DC0-936E-605F3EDC6AA4}.Debug|x64.ActiveCfg = Debug|x64
		{F553A166-B9FC-4DC0-936E-605F3EDC6AA4}.Debug|x64.Build.0 = Debug|x64
		{F553A166-B9FC-4DC0-936E-605F3EDC6AA4}.Debug|x86.ActiveCfg = Debug|Win32
		{F553A166-B9FC-4DC0-936E-605F3EDC6AA4}.Debug|x86.Build.0 = Debug|Win32
		{F553A166-B9FC-4DC0-936E-605F3EDC6AA4}.Release|x64.ActiveCfg = Release|x64
		{F553A166-B9FC-4DC0-936E-605F3EDC6AA4}.Release|x64.Build.0 = Release|x64
		{F553A166-B9FC-4DC0-936E-605F3EDC6AA4}.Release|x86.ActiveCfg = Release|Win32
		{F553A166-B9FC-4DC0-936E-605F3EDC6AA4}.Release|x86.Build.0 = Release|Win32
		{B28B61E8-B26A-42AD-BA9B-D79A45161621}.Debug|x64.ActiveCfg = Debug|x64
		{B28B61E8-B26A-42AD-BA9B-D79A45161621}.Debug|x64.Build.0 = Debug|x64
		{B28B61E8-B26A-42AD-BA9B-D79A45161621}.Debug|x86.ActiveCfg = Debug|Win32
		{B28B61E8-B26A-42AD-BA9B-D79A45161621}.Debug|x86.Build.0 = Debug|Win32
		{B28B61E8-B26A-42AD-BA9B-D79A45161621}.Release|x64.ActiveCfg = Release|x64
		{B28B61E8-B26A-42AD-BA9B-D79A45161621}.Release|x64.Build.0 = Release|x64
		{B28B61E8-B26A-42AD-BA9B-D79A45161621}.Release|x86.ActiveCfg = Release|Win32
		{B28B61E8-B26A-42AD-BA9B-D79A45161621}.Release|x86.Build.0 = Release|Win32
		{445C98F3-C70F-4BE2-8A2C-71A35BAE96DF}.Debug|x64.ActiveCfg = Debug|x64
		{445C98F3-C70F-4BE2-8A2C-71A35BAE96DF}.Debug|x64.Build.0 = Debug|x64
		{445C98F3-C70F-4BE2-8A2C-71A35BAE96DF}.Debug|x86.ActiveCfg = Debug|Win32
		{445C98F3-C70F-4BE2-8A2C-71A35BAE96DF}.Debug|x86.Build.0 = Debug|Win32
		{445C98F3-C70F-4BE2-8A2C-71A35BAE96DF}.Release|x64.ActiveCfg = Release|x64
		{445C98F3-C70F-4BE2-8A2C-71A35BAE96DF}.Release|x64.Build.0 = Release|x64
		{445C98F3-C70F-4BE2-8A2C-71A35BAE96DF}.Release|x86.ActiveCfg = Release|Win32
		{445C98F3-C70F-4BE2-8A2C-71A35BAE96DF}.Release|x86.Build.0 = Release|Win32
	EndGlobalSection
	GlobalSection(SolutionProperties) = preSolution
		HideSolutionNode = FALSE
	EndGlobalSection
	GlobalSection(NestedProjects) = preSolution
		{E91F5B60-1C90-4913-B293-A9161BF0DBAA} = {05BC1B07-4967-45BD-98C0-9C2ABD7F7175}
		{05BC1B07-4967-45BD-98C0-9C2ABD7F7175} = {B0500F06-FD10-4DBB-8383-73E67362EC2A}
		{F553A166-B9FC-4DC0-936E-605F3EDC6AA4} = {05BC1B07-4967-45BD-98C0-9C2ABD7F7175}
		{B0500F06-FD10-4DBB-8383-73E67362EC2A} = {7E41F911-4421-4821-BE7E-950CED4B2096}
		{B28B61E8-B26A-42AD-BA9B-D79A45161621} = {05BC1B07-4967-45BD-98C0-9C2ABD7F7175}
		{445C98F3-C70F-4BE2-8A2C-71A35BAE96DF} = {05BC1B07-4967-45BD-98C0-9C2ABD7F7175}
	EndGlobalSection
	GlobalSection(ExtensibilityGlobals) = postSolution
		SolutionGuid = {8BF2E130-328D-4AD2-BE45-D938482C1D43}
	EndGlobalSection
EndGlobal
